// !$*UTF8*$!
{
	archiveVersion = 1;
	classes = {
	};
	objectVersion = 46;
	objects = {

/* Begin PBXBuildFile section */
		700083341E810D23008969A9 /* MyCitiesTableViewCell.swift in Sources */ = {isa = PBXBuildFile; fileRef = 700083321E810D23008969A9 /* MyCitiesTableViewCell.swift */; };
		700083351E810D23008969A9 /* MyCitiesTableViewCell.xib in Resources */ = {isa = PBXBuildFile; fileRef = 700083331E810D23008969A9 /* MyCitiesTableViewCell.xib */; };
		7050D14E1E8512BD00E008AF /* CitySearchViewController.swift in Sources */ = {isa = PBXBuildFile; fileRef = 7050D14D1E8512BD00E008AF /* CitySearchViewController.swift */; };
		7050D1501E8512EA00E008AF /* ResultTableViewController.swift in Sources */ = {isa = PBXBuildFile; fileRef = 7050D14F1E8512EA00E008AF /* ResultTableViewController.swift */; };
		7065270D1E71194A00D620FD /* CitySelectorViewController.swift in Sources */ = {isa = PBXBuildFile; fileRef = 7065270C1E71194A00D620FD /* CitySelectorViewController.swift */; };
		7065270F1E711FDD00D620FD /* cities.plist in Resources */ = {isa = PBXBuildFile; fileRef = 7065270E1E711FDD00D620FD /* cities.plist */; };
		706527111E7133F100D620FD /* HotCityTableViewCell.swift in Sources */ = {isa = PBXBuildFile; fileRef = 706527101E7133F100D620FD /* HotCityTableViewCell.swift */; };
		706527131E7136F900D620FD /* hotCities.plist in Resources */ = {isa = PBXBuildFile; fileRef = 706527121E7136F900D620FD /* hotCities.plist */; };
		7073982D1E6C35B500167C49 /* HomeViewController.swift in Sources */ = {isa = PBXBuildFile; fileRef = 7073982C1E6C35B500167C49 /* HomeViewController.swift */; };
		707398301E6C381F00167C49 /* SWCollectionViewCell.swift in Sources */ = {isa = PBXBuildFile; fileRef = 7073982E1E6C381F00167C49 /* SWCollectionViewCell.swift */; };
		707398311E6C381F00167C49 /* SWCollectionViewCell.xib in Resources */ = {isa = PBXBuildFile; fileRef = 7073982F1E6C381F00167C49 /* SWCollectionViewCell.xib */; };
		708193671E8CF7A5006B1984 /* SoolyToast.swift in Sources */ = {isa = PBXBuildFile; fileRef = 708193661E8CF7A5006B1984 /* SoolyToast.swift */; };
		7090B1F11E72E05200C04D19 /* RecentCitiesableViewCell.swift in Sources */ = {isa = PBXBuildFile; fileRef = 7090B1F01E72E05200C04D19 /* RecentCitiesableViewCell.swift */; };
		7090B1F31E72E08B00C04D19 /* CurrentCityTableViewCell.swift in Sources */ = {isa = PBXBuildFile; fileRef = 7090B1F21E72E08B00C04D19 /* CurrentCityTableViewCell.swift */; };
		709162F11E6E8F89008A913C /* AdobeClean-Light.otf in Resources */ = {isa = PBXBuildFile; fileRef = 709162F01E6E8F1D008A913C /* AdobeClean-Light.otf */; };
		709162FD1E6E9BC9008A913C /* ForecastCollectionViewCell.swift in Sources */ = {isa = PBXBuildFile; fileRef = 709162FB1E6E9BC9008A913C /* ForecastCollectionViewCell.swift */; };
		709162FE1E6E9BC9008A913C /* ForecastCollectionViewCell.xib in Resources */ = {isa = PBXBuildFile; fileRef = 709162FC1E6E9BC9008A913C /* ForecastCollectionViewCell.xib */; };
		70B0A7F01E77CF49002A4214 /* String+SoolyWeather.swift in Sources */ = {isa = PBXBuildFile; fileRef = 70B0A7EF1E77CF49002A4214 /* String+SoolyWeather.swift */; };
		70B0A7F41E7826A1002A4214 /* SoolyCover.swift in Sources */ = {isa = PBXBuildFile; fileRef = 70B0A7F31E7826A1002A4214 /* SoolyCover.swift */; };
		70C17F801E79341F00022897 /* DrawerViewController.swift in Sources */ = {isa = PBXBuildFile; fileRef = 70C17F7F1E79341F00022897 /* DrawerViewController.swift */; };
		70C17F831E79403B00022897 /* MenuViewController.swift in Sources */ = {isa = PBXBuildFile; fileRef = 70C17F821E79403B00022897 /* MenuViewController.swift */; };
		70DC04FE1E6FEFF9008A894B /* UIButton+SoolyWeather.swift in Sources */ = {isa = PBXBuildFile; fileRef = 70DC04FD1E6FEFF9008A894B /* UIButton+SoolyWeather.swift */; };
		70DC05001E704C6A008A894B /* header.swift in Sources */ = {isa = PBXBuildFile; fileRef = 70DC04FF1E704C6A008A894B /* header.swift */; };
		70E507B31E751A2400A6BCC3 /* SnapKit.framework in Frameworks */ = {isa = PBXBuildFile; fileRef = 70E507B21E751A2400A6BCC3 /* SnapKit.framework */; };
		70F1CDEA1E6EFD1E009216B4 /* UIColor+Hex.swift in Sources */ = {isa = PBXBuildFile; fileRef = 70F1CDE91E6EFD1E009216B4 /* UIColor+Hex.swift */; };
		70F1CDED1E6EFDC1009216B4 /* MainViewController.swift in Sources */ = {isa = PBXBuildFile; fileRef = 70F1CDEC1E6EFDC1009216B4 /* MainViewController.swift */; };
		8843519F6FEB1E572DAB960C /* Pods_SoolyWeather.framework in Frameworks */ = {isa = PBXBuildFile; fileRef = 41E1DB84854540886F501FCA /* Pods_SoolyWeather.framework */; settings = {ATTRIBUTES = (Required, ); }; };
		EF6720061E66FCC900FF8D71 /* AppDelegate.swift in Sources */ = {isa = PBXBuildFile; fileRef = EF6720051E66FCC900FF8D71 /* AppDelegate.swift */; };
		EF67200B1E66FCC900FF8D71 /* Main.storyboard in Resources */ = {isa = PBXBuildFile; fileRef = EF6720091E66FCC900FF8D71 /* Main.storyboard */; };
		EF67200D1E66FCC900FF8D71 /* Assets.xcassets in Resources */ = {isa = PBXBuildFile; fileRef = EF67200C1E66FCC900FF8D71 /* Assets.xcassets */; };
		EF6720101E66FCC900FF8D71 /* LaunchScreen.storyboard in Resources */ = {isa = PBXBuildFile; fileRef = EF67200E1E66FCC900FF8D71 /* LaunchScreen.storyboard */; };
		EF67201B1E66FCC900FF8D71 /* SoolyWeatherTests.swift in Sources */ = {isa = PBXBuildFile; fileRef = EF67201A1E66FCC900FF8D71 /* SoolyWeatherTests.swift */; };
		EF6720261E66FCC900FF8D71 /* SoolyWeatherUITests.swift in Sources */ = {isa = PBXBuildFile; fileRef = EF6720251E66FCC900FF8D71 /* SoolyWeatherUITests.swift */; };
		EF6720341E66FD5D00FF8D71 /* WeatherModel.swift in Sources */ = {isa = PBXBuildFile; fileRef = EF6720331E66FD5C00FF8D71 /* WeatherModel.swift */; };
		EF9F4A191E67CCB10095C800 /* Info-iOS.plist in Resources */ = {isa = PBXBuildFile; fileRef = EF9F4A131E67CCB10095C800 /* Info-iOS.plist */; };
		EF9F4A1A1E67CCB10095C800 /* Info-OSX.plist in Resources */ = {isa = PBXBuildFile; fileRef = EF9F4A141E67CCB10095C800 /* Info-OSX.plist */; };
		EF9F4A1B1E67CCB10095C800 /* Info-tvOS.plist in Resources */ = {isa = PBXBuildFile; fileRef = EF9F4A151E67CCB10095C800 /* Info-tvOS.plist */; };
		EF9F4A1C1E67CCB10095C800 /* Info-watchOS.plist in Resources */ = {isa = PBXBuildFile; fileRef = EF9F4A161E67CCB10095C800 /* Info-watchOS.plist */; };
		EF9F4A1D1E67CCB10095C800 /* SwiftyJSON.swift in Sources */ = {isa = PBXBuildFile; fileRef = EF9F4A181E67CCB10095C800 /* SwiftyJSON.swift */; };
		EFC0CB871E684A8E008BFC40 /* HandyJSON.framework in Frameworks */ = {isa = PBXBuildFile; fileRef = EFC0CB861E684A8E008BFC40 /* HandyJSON.framework */; };
		EFC0CB891E685345008BFC40 /* WeatherData.swift in Sources */ = {isa = PBXBuildFile; fileRef = EFC0CB881E685345008BFC40 /* WeatherData.swift */; };
/* End PBXBuildFile section */

/* Begin PBXContainerItemProxy section */
		EF6720171E66FCC900FF8D71 /* PBXContainerItemProxy */ = {
			isa = PBXContainerItemProxy;
			containerPortal = EF671FFA1E66FCC900FF8D71 /* Project object */;
			proxyType = 1;
			remoteGlobalIDString = EF6720011E66FCC900FF8D71;
			remoteInfo = SoolyWeather;
		};
		EF6720221E66FCC900FF8D71 /* PBXContainerItemProxy */ = {
			isa = PBXContainerItemProxy;
			containerPortal = EF671FFA1E66FCC900FF8D71 /* Project object */;
			proxyType = 1;
			remoteGlobalIDString = EF6720011E66FCC900FF8D71;
			remoteInfo = SoolyWeather;
		};
/* End PBXContainerItemProxy section */

/* Begin PBXFileReference section */
		402CDB3A3528BB82BD36C6B7 /* Pods-SoolyWeather.release.xcconfig */ = {isa = PBXFileReference; includeInIndex = 1; lastKnownFileType = text.xcconfig; name = "Pods-SoolyWeather.release.xcconfig"; path = "Pods/Target Support Files/Pods-SoolyWeather/Pods-SoolyWeather.release.xcconfig"; sourceTree = "<group>"; };
		41E1DB84854540886F501FCA /* Pods_SoolyWeather.framework */ = {isa = PBXFileReference; explicitFileType = wrapper.framework; includeInIndex = 0; path = Pods_SoolyWeather.framework; sourceTree = BUILT_PRODUCTS_DIR; };
		700083321E810D23008969A9 /* MyCitiesTableViewCell.swift */ = {isa = PBXFileReference; fileEncoding = 4; lastKnownFileType = sourcecode.swift; path = MyCitiesTableViewCell.swift; sourceTree = "<group>"; };
		700083331E810D23008969A9 /* MyCitiesTableViewCell.xib */ = {isa = PBXFileReference; fileEncoding = 4; lastKnownFileType = file.xib; path = MyCitiesTableViewCell.xib; sourceTree = "<group>"; };
		7050D14D1E8512BD00E008AF /* CitySearchViewController.swift */ = {isa = PBXFileReference; fileEncoding = 4; lastKnownFileType = sourcecode.swift; path = CitySearchViewController.swift; sourceTree = "<group>"; };
		7050D14F1E8512EA00E008AF /* ResultTableViewController.swift */ = {isa = PBXFileReference; fileEncoding = 4; lastKnownFileType = sourcecode.swift; path = ResultTableViewController.swift; sourceTree = "<group>"; };
		7065270C1E71194A00D620FD /* CitySelectorViewController.swift */ = {isa = PBXFileReference; fileEncoding = 4; lastKnownFileType = sourcecode.swift; path = CitySelectorViewController.swift; sourceTree = "<group>"; };
		7065270E1E711FDD00D620FD /* cities.plist */ = {isa = PBXFileReference; fileEncoding = 4; lastKnownFileType = text.plist.xml; path = cities.plist; sourceTree = "<group>"; };
		706527101E7133F100D620FD /* HotCityTableViewCell.swift */ = {isa = PBXFileReference; fileEncoding = 4; lastKnownFileType = sourcecode.swift; path = HotCityTableViewCell.swift; sourceTree = "<group>"; };
		706527121E7136F900D620FD /* hotCities.plist */ = {isa = PBXFileReference; fileEncoding = 4; lastKnownFileType = text.plist.xml; path = hotCities.plist; sourceTree = "<group>"; };
		7073982C1E6C35B500167C49 /* HomeViewController.swift */ = {isa = PBXFileReference; fileEncoding = 4; lastKnownFileType = sourcecode.swift; path = HomeViewController.swift; sourceTree = "<group>"; };
		7073982E1E6C381F00167C49 /* SWCollectionViewCell.swift */ = {isa = PBXFileReference; fileEncoding = 4; lastKnownFileType = sourcecode.swift; path = SWCollectionViewCell.swift; sourceTree = "<group>"; };
		7073982F1E6C381F00167C49 /* SWCollectionViewCell.xib */ = {isa = PBXFileReference; fileEncoding = 4; lastKnownFileType = file.xib; path = SWCollectionViewCell.xib; sourceTree = "<group>"; };
		708193661E8CF7A5006B1984 /* SoolyToast.swift */ = {isa = PBXFileReference; fileEncoding = 4; lastKnownFileType = sourcecode.swift; path = SoolyToast.swift; sourceTree = "<group>"; };
		7090B1F01E72E05200C04D19 /* RecentCitiesableViewCell.swift */ = {isa = PBXFileReference; fileEncoding = 4; lastKnownFileType = sourcecode.swift; path = RecentCitiesableViewCell.swift; sourceTree = "<group>"; };
		7090B1F21E72E08B00C04D19 /* CurrentCityTableViewCell.swift */ = {isa = PBXFileReference; fileEncoding = 4; lastKnownFileType = sourcecode.swift; path = CurrentCityTableViewCell.swift; sourceTree = "<group>"; };
		709162F01E6E8F1D008A913C /* AdobeClean-Light.otf */ = {isa = PBXFileReference; lastKnownFileType = file; path = "AdobeClean-Light.otf"; sourceTree = "<group>"; };
		709162FB1E6E9BC9008A913C /* ForecastCollectionViewCell.swift */ = {isa = PBXFileReference; fileEncoding = 4; lastKnownFileType = sourcecode.swift; path = ForecastCollectionViewCell.swift; sourceTree = "<group>"; };
		709162FC1E6E9BC9008A913C /* ForecastCollectionViewCell.xib */ = {isa = PBXFileReference; fileEncoding = 4; lastKnownFileType = file.xib; path = ForecastCollectionViewCell.xib; sourceTree = "<group>"; };
		70B0A7EF1E77CF49002A4214 /* String+SoolyWeather.swift */ = {isa = PBXFileReference; fileEncoding = 4; lastKnownFileType = sourcecode.swift; path = "String+SoolyWeather.swift"; sourceTree = "<group>"; };
		70B0A7F31E7826A1002A4214 /* SoolyCover.swift */ = {isa = PBXFileReference; fileEncoding = 4; lastKnownFileType = sourcecode.swift; path = SoolyCover.swift; sourceTree = "<group>"; };
		70C17F7F1E79341F00022897 /* DrawerViewController.swift */ = {isa = PBXFileReference; fileEncoding = 4; lastKnownFileType = sourcecode.swift; path = DrawerViewController.swift; sourceTree = "<group>"; };
		70C17F821E79403B00022897 /* MenuViewController.swift */ = {isa = PBXFileReference; fileEncoding = 4; lastKnownFileType = sourcecode.swift; path = MenuViewController.swift; sourceTree = "<group>"; };
		70DC04FD1E6FEFF9008A894B /* UIButton+SoolyWeather.swift */ = {isa = PBXFileReference; fileEncoding = 4; lastKnownFileType = sourcecode.swift; path = "UIButton+SoolyWeather.swift"; sourceTree = "<group>"; };
		70DC04FF1E704C6A008A894B /* header.swift */ = {isa = PBXFileReference; fileEncoding = 4; lastKnownFileType = sourcecode.swift; path = header.swift; sourceTree = "<group>"; };
		70E507B21E751A2400A6BCC3 /* SnapKit.framework */ = {isa = PBXFileReference; lastKnownFileType = wrapper.framework; name = SnapKit.framework; path = "../../Library/Developer/Xcode/DerivedData/SoolyWeather-hicwjgxroopszbgjsmsqbpzcanvm/Build/Products/Debug-iphonesimulator/SnapKit/SnapKit.framework"; sourceTree = "<group>"; };
		70F1CDE91E6EFD1E009216B4 /* UIColor+Hex.swift */ = {isa = PBXFileReference; fileEncoding = 4; lastKnownFileType = sourcecode.swift; path = "UIColor+Hex.swift"; sourceTree = "<group>"; };
		70F1CDEC1E6EFDC1009216B4 /* MainViewController.swift */ = {isa = PBXFileReference; fileEncoding = 4; lastKnownFileType = sourcecode.swift; path = MainViewController.swift; sourceTree = "<group>"; };
		EF6720021E66FCC900FF8D71 /* SoolyWeather.app */ = {isa = PBXFileReference; explicitFileType = wrapper.application; includeInIndex = 0; path = SoolyWeather.app; sourceTree = BUILT_PRODUCTS_DIR; };
		EF6720051E66FCC900FF8D71 /* AppDelegate.swift */ = {isa = PBXFileReference; lastKnownFileType = sourcecode.swift; path = AppDelegate.swift; sourceTree = "<group>"; };
		EF67200A1E66FCC900FF8D71 /* Base */ = {isa = PBXFileReference; lastKnownFileType = file.storyboard; name = Base; path = Base.lproj/Main.storyboard; sourceTree = "<group>"; };
		EF67200C1E66FCC900FF8D71 /* Assets.xcassets */ = {isa = PBXFileReference; lastKnownFileType = folder.assetcatalog; path = Assets.xcassets; sourceTree = "<group>"; };
		EF67200F1E66FCC900FF8D71 /* Base */ = {isa = PBXFileReference; lastKnownFileType = file.storyboard; name = Base; path = Base.lproj/LaunchScreen.storyboard; sourceTree = "<group>"; };
		EF6720111E66FCC900FF8D71 /* Info.plist */ = {isa = PBXFileReference; lastKnownFileType = text.plist.xml; path = Info.plist; sourceTree = "<group>"; };
		EF6720161E66FCC900FF8D71 /* SoolyWeatherTests.xctest */ = {isa = PBXFileReference; explicitFileType = wrapper.cfbundle; includeInIndex = 0; path = SoolyWeatherTests.xctest; sourceTree = BUILT_PRODUCTS_DIR; };
		EF67201A1E66FCC900FF8D71 /* SoolyWeatherTests.swift */ = {isa = PBXFileReference; lastKnownFileType = sourcecode.swift; path = SoolyWeatherTests.swift; sourceTree = "<group>"; };
		EF67201C1E66FCC900FF8D71 /* Info.plist */ = {isa = PBXFileReference; lastKnownFileType = text.plist.xml; path = Info.plist; sourceTree = "<group>"; };
		EF6720211E66FCC900FF8D71 /* SoolyWeatherUITests.xctest */ = {isa = PBXFileReference; explicitFileType = wrapper.cfbundle; includeInIndex = 0; path = SoolyWeatherUITests.xctest; sourceTree = BUILT_PRODUCTS_DIR; };
		EF6720251E66FCC900FF8D71 /* SoolyWeatherUITests.swift */ = {isa = PBXFileReference; lastKnownFileType = sourcecode.swift; path = SoolyWeatherUITests.swift; sourceTree = "<group>"; };
		EF6720271E66FCC900FF8D71 /* Info.plist */ = {isa = PBXFileReference; lastKnownFileType = text.plist.xml; path = Info.plist; sourceTree = "<group>"; };
		EF6720331E66FD5C00FF8D71 /* WeatherModel.swift */ = {isa = PBXFileReference; fileEncoding = 4; lastKnownFileType = sourcecode.swift; path = WeatherModel.swift; sourceTree = "<group>"; };
		EF9F4A131E67CCB10095C800 /* Info-iOS.plist */ = {isa = PBXFileReference; fileEncoding = 4; lastKnownFileType = text.plist.xml; path = "Info-iOS.plist"; sourceTree = "<group>"; };
		EF9F4A141E67CCB10095C800 /* Info-OSX.plist */ = {isa = PBXFileReference; fileEncoding = 4; lastKnownFileType = text.plist.xml; path = "Info-OSX.plist"; sourceTree = "<group>"; };
		EF9F4A151E67CCB10095C800 /* Info-tvOS.plist */ = {isa = PBXFileReference; fileEncoding = 4; lastKnownFileType = text.plist.xml; path = "Info-tvOS.plist"; sourceTree = "<group>"; };
		EF9F4A161E67CCB10095C800 /* Info-watchOS.plist */ = {isa = PBXFileReference; fileEncoding = 4; lastKnownFileType = text.plist.xml; path = "Info-watchOS.plist"; sourceTree = "<group>"; };
		EF9F4A171E67CCB10095C800 /* SwiftyJSON.h */ = {isa = PBXFileReference; fileEncoding = 4; lastKnownFileType = sourcecode.c.h; path = SwiftyJSON.h; sourceTree = "<group>"; };
		EF9F4A181E67CCB10095C800 /* SwiftyJSON.swift */ = {isa = PBXFileReference; fileEncoding = 4; lastKnownFileType = sourcecode.swift; path = SwiftyJSON.swift; sourceTree = "<group>"; };
		EFC0CB861E684A8E008BFC40 /* HandyJSON.framework */ = {isa = PBXFileReference; lastKnownFileType = wrapper.framework; name = HandyJSON.framework; path = "../Library/Developer/Xcode/DerivedData/SoolyWeather-frajzthtrglocqhckalmcnlbuixx/Build/Products/Debug-iphonesimulator/HandyJSON/HandyJSON.framework"; sourceTree = "<group>"; };
		EFC0CB881E685345008BFC40 /* WeatherData.swift */ = {isa = PBXFileReference; fileEncoding = 4; lastKnownFileType = sourcecode.swift; path = WeatherData.swift; sourceTree = "<group>"; };
		F09DC736A1F344DFEC4D28A5 /* Pods-SoolyWeather.debug.xcconfig */ = {isa = PBXFileReference; includeInIndex = 1; lastKnownFileType = text.xcconfig; name = "Pods-SoolyWeather.debug.xcconfig"; path = "Pods/Target Support Files/Pods-SoolyWeather/Pods-SoolyWeather.debug.xcconfig"; sourceTree = "<group>"; };
/* End PBXFileReference section */

/* Begin PBXFrameworksBuildPhase section */
		EF671FFF1E66FCC900FF8D71 /* Frameworks */ = {
			isa = PBXFrameworksBuildPhase;
			buildActionMask = 2147483647;
			files = (
				70E507B31E751A2400A6BCC3 /* SnapKit.framework in Frameworks */,
				EFC0CB871E684A8E008BFC40 /* HandyJSON.framework in Frameworks */,
				8843519F6FEB1E572DAB960C /* Pods_SoolyWeather.framework in Frameworks */,
			);
			runOnlyForDeploymentPostprocessing = 0;
		};
		EF6720131E66FCC900FF8D71 /* Frameworks */ = {
			isa = PBXFrameworksBuildPhase;
			buildActionMask = 2147483647;
			files = (
			);
			runOnlyForDeploymentPostprocessing = 0;
		};
		EF67201E1E66FCC900FF8D71 /* Frameworks */ = {
			isa = PBXFrameworksBuildPhase;
			buildActionMask = 2147483647;
			files = (
			);
			runOnlyForDeploymentPostprocessing = 0;
		};
/* End PBXFrameworksBuildPhase section */

/* Begin PBXGroup section */
		3209A92E2646D16C2E950681 /* Pods */ = {
			isa = PBXGroup;
			children = (
				F09DC736A1F344DFEC4D28A5 /* Pods-SoolyWeather.debug.xcconfig */,
				402CDB3A3528BB82BD36C6B7 /* Pods-SoolyWeather.release.xcconfig */,
			);
			name = Pods;
			sourceTree = "<group>";
		};
		709162F21E6E9845008A913C /* Home(主页) */ = {
			isa = PBXGroup;
			children = (
				709162F51E6E9863008A913C /* Model/ViewModel */,
				709162F41E6E985D008A913C /* View */,
				709162F31E6E984F008A913C /* Controller */,
			);
			name = "Home(主页)";
			sourceTree = "<group>";
		};
		709162F31E6E984F008A913C /* Controller */ = {
			isa = PBXGroup;
			children = (
				7073982C1E6C35B500167C49 /* HomeViewController.swift */,
			);
			name = Controller;
			sourceTree = "<group>";
		};
		709162F41E6E985D008A913C /* View */ = {
			isa = PBXGroup;
			children = (
				7073982E1E6C381F00167C49 /* SWCollectionViewCell.swift */,
				7073982F1E6C381F00167C49 /* SWCollectionViewCell.xib */,
				709162FB1E6E9BC9008A913C /* ForecastCollectionViewCell.swift */,
				709162FC1E6E9BC9008A913C /* ForecastCollectionViewCell.xib */,
			);
			name = View;
			sourceTree = "<group>";
		};
		709162F51E6E9863008A913C /* Model/ViewModel */ = {
			isa = PBXGroup;
			children = (
				EF6720331E66FD5C00FF8D71 /* WeatherModel.swift */,
			);
			name = Model/ViewModel;
			sourceTree = "<group>";
		};
		709162F71E6E98AD008A913C /* 第三方/拓展 */ = {
			isa = PBXGroup;
			children = (
				EF9F4A121E67CCB10095C800 /* SwityJSON */,
				70F1CDE91E6EFD1E009216B4 /* UIColor+Hex.swift */,
				70DC04FD1E6FEFF9008A894B /* UIButton+SoolyWeather.swift */,
				70B0A7EF1E77CF49002A4214 /* String+SoolyWeather.swift */,
			);
			name = "第三方/拓展";
			sourceTree = "<group>";
		};
		709162F81E6E98D9008A913C /* Resource */ = {
			isa = PBXGroup;
			children = (
				7065270E1E711FDD00D620FD /* cities.plist */,
				EF67200C1E66FCC900FF8D71 /* Assets.xcassets */,
				EF6720111E66FCC900FF8D71 /* Info.plist */,
				709162F01E6E8F1D008A913C /* AdobeClean-Light.otf */,
				70DC04FF1E704C6A008A894B /* header.swift */,
				706527121E7136F900D620FD /* hotCities.plist */,
			);
			name = Resource;
			sourceTree = "<group>";
		};
		709162FA1E6E9A2F008A913C /* Tool(工具) */ = {
			isa = PBXGroup;
			children = (
				EFC0CB881E685345008BFC40 /* WeatherData.swift */,
				70B0A7F31E7826A1002A4214 /* SoolyCover.swift */,
				708193661E8CF7A5006B1984 /* SoolyToast.swift */,
			);
			name = "Tool(工具)";
			sourceTree = "<group>";
		};
		70C17F811E79402100022897 /* Menu(菜单) */ = {
			isa = PBXGroup;
			children = (
				70C17F821E79403B00022897 /* MenuViewController.swift */,
				700083321E810D23008969A9 /* MyCitiesTableViewCell.swift */,
				700083331E810D23008969A9 /* MyCitiesTableViewCell.xib */,
			);
			name = "Menu(菜单)";
			sourceTree = "<group>";
		};
		70DC05011E704DFD008A894B /* CitySelector(城市选择) */ = {
			isa = PBXGroup;
			children = (
				70DC05041E704E68008A894B /* Model */,
				70DC05031E704E63008A894B /* View */,
				70DC05021E704E59008A894B /* Controller */,
			);
			name = "CitySelector(城市选择)";
			sourceTree = "<group>";
		};
		70DC05021E704E59008A894B /* Controller */ = {
			isa = PBXGroup;
			children = (
				7065270C1E71194A00D620FD /* CitySelectorViewController.swift */,
				7050D14D1E8512BD00E008AF /* CitySearchViewController.swift */,
				7050D14F1E8512EA00E008AF /* ResultTableViewController.swift */,
			);
			name = Controller;
			sourceTree = "<group>";
		};
		70DC05031E704E63008A894B /* View */ = {
			isa = PBXGroup;
			children = (
				706527101E7133F100D620FD /* HotCityTableViewCell.swift */,
				7090B1F01E72E05200C04D19 /* RecentCitiesableViewCell.swift */,
				7090B1F21E72E08B00C04D19 /* CurrentCityTableViewCell.swift */,
			);
			name = View;
			sourceTree = "<group>";
		};
		70DC05041E704E68008A894B /* Model */ = {
			isa = PBXGroup;
			children = (
			);
			name = Model;
			sourceTree = "<group>";
		};
		70F1CDEB1E6EFD84009216B4 /* Main */ = {
			isa = PBXGroup;
			children = (
				EF6720091E66FCC900FF8D71 /* Main.storyboard */,
				EF67200E1E66FCC900FF8D71 /* LaunchScreen.storyboard */,
				70F1CDEC1E6EFDC1009216B4 /* MainViewController.swift */,
				70C17F7F1E79341F00022897 /* DrawerViewController.swift */,
				EF6720051E66FCC900FF8D71 /* AppDelegate.swift */,
			);
			name = Main;
			sourceTree = "<group>";
		};
		84D347E169C7B7F23F6E55F4 /* Frameworks */ = {
			isa = PBXGroup;
			children = (
				70E507B21E751A2400A6BCC3 /* SnapKit.framework */,
				EFC0CB861E684A8E008BFC40 /* HandyJSON.framework */,
				41E1DB84854540886F501FCA /* Pods_SoolyWeather.framework */,
			);
			name = Frameworks;
			sourceTree = "<group>";
		};
		EF671FF91E66FCC900FF8D71 = {
			isa = PBXGroup;
			children = (
				EF6720041E66FCC900FF8D71 /* SoolyWeather */,
				EF6720191E66FCC900FF8D71 /* SoolyWeatherTests */,
				EF6720241E66FCC900FF8D71 /* SoolyWeatherUITests */,
				EF6720031E66FCC900FF8D71 /* Products */,
				3209A92E2646D16C2E950681 /* Pods */,
				84D347E169C7B7F23F6E55F4 /* Frameworks */,
			);
			sourceTree = "<group>";
		};
		EF6720031E66FCC900FF8D71 /* Products */ = {
			isa = PBXGroup;
			children = (
				EF6720021E66FCC900FF8D71 /* SoolyWeather.app */,
				EF6720161E66FCC900FF8D71 /* SoolyWeatherTests.xctest */,
				EF6720211E66FCC900FF8D71 /* SoolyWeatherUITests.xctest */,
			);
			name = Products;
			sourceTree = "<group>";
		};
		EF6720041E66FCC900FF8D71 /* SoolyWeather */ = {
			isa = PBXGroup;
			children = (
				70F1CDEB1E6EFD84009216B4 /* Main */,
				70C17F811E79402100022897 /* Menu(菜单) */,
				709162F21E6E9845008A913C /* Home(主页) */,
				70DC05011E704DFD008A894B /* CitySelector(城市选择) */,
				709162F81E6E98D9008A913C /* Resource */,
				709162FA1E6E9A2F008A913C /* Tool(工具) */,
				709162F71E6E98AD008A913C /* 第三方/拓展 */,
			);
			path = SoolyWeather;
			sourceTree = "<group>";
		};
		EF6720191E66FCC900FF8D71 /* SoolyWeatherTests */ = {
			isa = PBXGroup;
			children = (
				EF67201A1E66FCC900FF8D71 /* SoolyWeatherTests.swift */,
				EF67201C1E66FCC900FF8D71 /* Info.plist */,
			);
			path = SoolyWeatherTests;
			sourceTree = "<group>";
		};
		EF6720241E66FCC900FF8D71 /* SoolyWeatherUITests */ = {
			isa = PBXGroup;
			children = (
				EF6720251E66FCC900FF8D71 /* SoolyWeatherUITests.swift */,
				EF6720271E66FCC900FF8D71 /* Info.plist */,
			);
			path = SoolyWeatherUITests;
			sourceTree = "<group>";
		};
		EF9F4A121E67CCB10095C800 /* SwityJSON */ = {
			isa = PBXGroup;
			children = (
				EF9F4A131E67CCB10095C800 /* Info-iOS.plist */,
				EF9F4A141E67CCB10095C800 /* Info-OSX.plist */,
				EF9F4A151E67CCB10095C800 /* Info-tvOS.plist */,
				EF9F4A161E67CCB10095C800 /* Info-watchOS.plist */,
				EF9F4A171E67CCB10095C800 /* SwiftyJSON.h */,
				EF9F4A181E67CCB10095C800 /* SwiftyJSON.swift */,
			);
			path = SwityJSON;
			sourceTree = "<group>";
		};
/* End PBXGroup section */

/* Begin PBXNativeTarget section */
		EF6720011E66FCC900FF8D71 /* SoolyWeather */ = {
			isa = PBXNativeTarget;
			buildConfigurationList = EF67202A1E66FCC900FF8D71 /* Build configuration list for PBXNativeTarget "SoolyWeather" */;
			buildPhases = (
				3500826683536829FB7E2626 /* [CP] Check Pods Manifest.lock */,
				EF671FFE1E66FCC900FF8D71 /* Sources */,
				EF671FFF1E66FCC900FF8D71 /* Frameworks */,
				EF6720001E66FCC900FF8D71 /* Resources */,
				732500B186F5887F3910B1C6 /* [CP] Embed Pods Frameworks */,
				8DEBF725F944621C7D8B60B0 /* [CP] Copy Pods Resources */,
			);
			buildRules = (
			);
			dependencies = (
			);
			name = SoolyWeather;
			productName = SoolyWeather;
			productReference = EF6720021E66FCC900FF8D71 /* SoolyWeather.app */;
			productType = "com.apple.product-type.application";
		};
		EF6720151E66FCC900FF8D71 /* SoolyWeatherTests */ = {
			isa = PBXNativeTarget;
			buildConfigurationList = EF67202D1E66FCC900FF8D71 /* Build configuration list for PBXNativeTarget "SoolyWeatherTests" */;
			buildPhases = (
				EF6720121E66FCC900FF8D71 /* Sources */,
				EF6720131E66FCC900FF8D71 /* Frameworks */,
				EF6720141E66FCC900FF8D71 /* Resources */,
			);
			buildRules = (
			);
			dependencies = (
				EF6720181E66FCC900FF8D71 /* PBXTargetDependency */,
			);
			name = SoolyWeatherTests;
			productName = SoolyWeatherTests;
			productReference = EF6720161E66FCC900FF8D71 /* SoolyWeatherTests.xctest */;
			productType = "com.apple.product-type.bundle.unit-test";
		};
		EF6720201E66FCC900FF8D71 /* SoolyWeatherUITests */ = {
			isa = PBXNativeTarget;
			buildConfigurationList = EF6720301E66FCC900FF8D71 /* Build configuration list for PBXNativeTarget "SoolyWeatherUITests" */;
			buildPhases = (
				EF67201D1E66FCC900FF8D71 /* Sources */,
				EF67201E1E66FCC900FF8D71 /* Frameworks */,
				EF67201F1E66FCC900FF8D71 /* Resources */,
			);
			buildRules = (
			);
			dependencies = (
				EF6720231E66FCC900FF8D71 /* PBXTargetDependency */,
			);
			name = SoolyWeatherUITests;
			productName = SoolyWeatherUITests;
			productReference = EF6720211E66FCC900FF8D71 /* SoolyWeatherUITests.xctest */;
			productType = "com.apple.product-type.bundle.ui-testing";
		};
/* End PBXNativeTarget section */

/* Begin PBXProject section */
		EF671FFA1E66FCC900FF8D71 /* Project object */ = {
			isa = PBXProject;
			attributes = {
				LastSwiftUpdateCheck = 0810;
				LastUpgradeCheck = 0810;
				ORGANIZATIONNAME = SoolyChristina;
				TargetAttributes = {
					EF6720011E66FCC900FF8D71 = {
						CreatedOnToolsVersion = 8.1;
						DevelopmentTeam = 7523YW79F8;
						ProvisioningStyle = Automatic;
					};
					EF6720151E66FCC900FF8D71 = {
						CreatedOnToolsVersion = 8.1;
						DevelopmentTeam = 7523YW79F8;
						ProvisioningStyle = Automatic;
						TestTargetID = EF6720011E66FCC900FF8D71;
					};
					EF6720201E66FCC900FF8D71 = {
						CreatedOnToolsVersion = 8.1;
						DevelopmentTeam = 7523YW79F8;
						ProvisioningStyle = Automatic;
						TestTargetID = EF6720011E66FCC900FF8D71;
					};
				};
			};
			buildConfigurationList = EF671FFD1E66FCC900FF8D71 /* Build configuration list for PBXProject "SoolyWeather" */;
			compatibilityVersion = "Xcode 3.2";
			developmentRegion = English;
			hasScannedForEncodings = 0;
			knownRegions = (
				en,
				Base,
			);
			mainGroup = EF671FF91E66FCC900FF8D71;
			productRefGroup = EF6720031E66FCC900FF8D71 /* Products */;
			projectDirPath = "";
			projectRoot = "";
			targets = (
				EF6720011E66FCC900FF8D71 /* SoolyWeather */,
				EF6720151E66FCC900FF8D71 /* SoolyWeatherTests */,
				EF6720201E66FCC900FF8D71 /* SoolyWeatherUITests */,
			);
		};
/* End PBXProject section */

/* Begin PBXResourcesBuildPhase section */
		EF6720001E66FCC900FF8D71 /* Resources */ = {
			isa = PBXResourcesBuildPhase;
			buildActionMask = 2147483647;
			files = (
				700083351E810D23008969A9 /* MyCitiesTableViewCell.xib in Resources */,
				709162F11E6E8F89008A913C /* AdobeClean-Light.otf in Resources */,
				706527131E7136F900D620FD /* hotCities.plist in Resources */,
				EF9F4A1B1E67CCB10095C800 /* Info-tvOS.plist in Resources */,
				EF9F4A191E67CCB10095C800 /* Info-iOS.plist in Resources */,
				709162FE1E6E9BC9008A913C /* ForecastCollectionViewCell.xib in Resources */,
				707398311E6C381F00167C49 /* SWCollectionViewCell.xib in Resources */,
				7065270F1E711FDD00D620FD /* cities.plist in Resources */,
				EF6720101E66FCC900FF8D71 /* LaunchScreen.storyboard in Resources */,
				EF67200D1E66FCC900FF8D71 /* Assets.xcassets in Resources */,
				EF67200B1E66FCC900FF8D71 /* Main.storyboard in Resources */,
				EF9F4A1C1E67CCB10095C800 /* Info-watchOS.plist in Resources */,
				EF9F4A1A1E67CCB10095C800 /* Info-OSX.plist in Resources */,
			);
			runOnlyForDeploymentPostprocessing = 0;
		};
		EF6720141E66FCC900FF8D71 /* Resources */ = {
			isa = PBXResourcesBuildPhase;
			buildActionMask = 2147483647;
			files = (
			);
			runOnlyForDeploymentPostprocessing = 0;
		};
		EF67201F1E66FCC900FF8D71 /* Resources */ = {
			isa = PBXResourcesBuildPhase;
			buildActionMask = 2147483647;
			files = (
			);
			runOnlyForDeploymentPostprocessing = 0;
		};
/* End PBXResourcesBuildPhase section */

/* Begin PBXShellScriptBuildPhase section */
		3500826683536829FB7E2626 /* [CP] Check Pods Manifest.lock */ = {
			isa = PBXShellScriptBuildPhase;
			buildActionMask = 2147483647;
			files = (
			);
			inputPaths = (
			);
			name = "[CP] Check Pods Manifest.lock";
			outputPaths = (
			);
			runOnlyForDeploymentPostprocessing = 0;
			shellPath = /bin/sh;
			shellScript = "diff \"${PODS_ROOT}/../Podfile.lock\" \"${PODS_ROOT}/Manifest.lock\" > /dev/null\nif [ $? != 0 ] ; then\n    # print error to STDERR\n    echo \"error: The sandbox is not in sync with the Podfile.lock. Run 'pod install' or update your CocoaPods installation.\" >&2\n    exit 1\nfi\n";
			showEnvVarsInLog = 0;
		};
		732500B186F5887F3910B1C6 /* [CP] Embed Pods Frameworks */ = {
			isa = PBXShellScriptBuildPhase;
			buildActionMask = 2147483647;
			files = (
			);
			inputPaths = (
			);
			name = "[CP] Embed Pods Frameworks";
			outputPaths = (
			);
			runOnlyForDeploymentPostprocessing = 0;
			shellPath = /bin/sh;
			shellScript = "\"${SRCROOT}/Pods/Target Support Files/Pods-SoolyWeather/Pods-SoolyWeather-frameworks.sh\"\n";
			showEnvVarsInLog = 0;
		};
		8DEBF725F944621C7D8B60B0 /* [CP] Copy Pods Resources */ = {
			isa = PBXShellScriptBuildPhase;
			buildActionMask = 2147483647;
			files = (
			);
			inputPaths = (
			);
			name = "[CP] Copy Pods Resources";
			outputPaths = (
			);
			runOnlyForDeploymentPostprocessing = 0;
			shellPath = /bin/sh;
			shellScript = "\"${SRCROOT}/Pods/Target Support Files/Pods-SoolyWeather/Pods-SoolyWeather-resources.sh\"\n";
			showEnvVarsInLog = 0;
		};
/* End PBXShellScriptBuildPhase section */

/* Begin PBXSourcesBuildPhase section */
		EF671FFE1E66FCC900FF8D71 /* Sources */ = {
			isa = PBXSourcesBuildPhase;
			buildActionMask = 2147483647;
			files = (
				7065270D1E71194A00D620FD /* CitySelectorViewController.swift in Sources */,
				7073982D1E6C35B500167C49 /* HomeViewController.swift in Sources */,
				70DC04FE1E6FEFF9008A894B /* UIButton+SoolyWeather.swift in Sources */,
				706527111E7133F100D620FD /* HotCityTableViewCell.swift in Sources */,
				70F1CDEA1E6EFD1E009216B4 /* UIColor+Hex.swift in Sources */,
				EF6720341E66FD5D00FF8D71 /* WeatherModel.swift in Sources */,
				70DC05001E704C6A008A894B /* header.swift in Sources */,
				708193671E8CF7A5006B1984 /* SoolyToast.swift in Sources */,
				70B0A7F01E77CF49002A4214 /* String+SoolyWeather.swift in Sources */,
				707398301E6C381F00167C49 /* SWCollectionViewCell.swift in Sources */,
				EFC0CB891E685345008BFC40 /* WeatherData.swift in Sources */,
				709162FD1E6E9BC9008A913C /* ForecastCollectionViewCell.swift in Sources */,
				70F1CDED1E6EFDC1009216B4 /* MainViewController.swift in Sources */,
				7050D14E1E8512BD00E008AF /* CitySearchViewController.swift in Sources */,
				7090B1F31E72E08B00C04D19 /* CurrentCityTableViewCell.swift in Sources */,
				7090B1F11E72E05200C04D19 /* RecentCitiesableViewCell.swift in Sources */,
				70C17F831E79403B00022897 /* MenuViewController.swift in Sources */,
				70B0A7F41E7826A1002A4214 /* SoolyCover.swift in Sources */,
				700083341E810D23008969A9 /* MyCitiesTableViewCell.swift in Sources */,
				EF6720061E66FCC900FF8D71 /* AppDelegate.swift in Sources */,
				EF9F4A1D1E67CCB10095C800 /* SwiftyJSON.swift in Sources */,
				7050D1501E8512EA00E008AF /* ResultTableViewController.swift in Sources */,
				70C17F801E79341F00022897 /* DrawerViewController.swift in Sources */,
			);
			runOnlyForDeploymentPostprocessing = 0;
		};
		EF6720121E66FCC900FF8D71 /* Sources */ = {
			isa = PBXSourcesBuildPhase;
			buildActionMask = 2147483647;
			files = (
				EF67201B1E66FCC900FF8D71 /* SoolyWeatherTests.swift in Sources */,
			);
			runOnlyForDeploymentPostprocessing = 0;
		};
		EF67201D1E66FCC900FF8D71 /* Sources */ = {
			isa = PBXSourcesBuildPhase;
			buildActionMask = 2147483647;
			files = (
				EF6720261E66FCC900FF8D71 /* SoolyWeatherUITests.swift in Sources */,
			);
			runOnlyForDeploymentPostprocessing = 0;
		};
/* End PBXSourcesBuildPhase section */

/* Begin PBXTargetDependency section */
		EF6720181E66FCC900FF8D71 /* PBXTargetDependency */ = {
			isa = PBXTargetDependency;
			target = EF6720011E66FCC900FF8D71 /* SoolyWeather */;
			targetProxy = EF6720171E66FCC900FF8D71 /* PBXContainerItemProxy */;
		};
		EF6720231E66FCC900FF8D71 /* PBXTargetDependency */ = {
			isa = PBXTargetDependency;
			target = EF6720011E66FCC900FF8D71 /* SoolyWeather */;
			targetProxy = EF6720221E66FCC900FF8D71 /* PBXContainerItemProxy */;
		};
/* End PBXTargetDependency section */

/* Begin PBXVariantGroup section */
		EF6720091E66FCC900FF8D71 /* Main.storyboard */ = {
			isa = PBXVariantGroup;
			children = (
				EF67200A1E66FCC900FF8D71 /* Base */,
			);
			name = Main.storyboard;
			sourceTree = "<group>";
		};
		EF67200E1E66FCC900FF8D71 /* LaunchScreen.storyboard */ = {
			isa = PBXVariantGroup;
			children = (
				EF67200F1E66FCC900FF8D71 /* Base */,
			);
			name = LaunchScreen.storyboard;
			sourceTree = "<group>";
		};
/* End PBXVariantGroup section */

/* Begin XCBuildConfiguration section */
		EF6720281E66FCC900FF8D71 /* Debug */ = {
			isa = XCBuildConfiguration;
			buildSettings = {
				ALWAYS_SEARCH_USER_PATHS = NO;
				CLANG_ANALYZER_NONNULL = YES;
				CLANG_CXX_LANGUAGE_STANDARD = "gnu++0x";
				CLANG_CXX_LIBRARY = "libc++";
				CLANG_ENABLE_MODULES = YES;
				CLANG_ENABLE_OBJC_ARC = YES;
				CLANG_WARN_BOOL_CONVERSION = YES;
				CLANG_WARN_CONSTANT_CONVERSION = YES;
				CLANG_WARN_DIRECT_OBJC_ISA_USAGE = YES_ERROR;
				CLANG_WARN_DOCUMENTATION_COMMENTS = YES;
				CLANG_WARN_EMPTY_BODY = YES;
				CLANG_WARN_ENUM_CONVERSION = YES;
				CLANG_WARN_INFINITE_RECURSION = YES;
				CLANG_WARN_INT_CONVERSION = YES;
				CLANG_WARN_OBJC_ROOT_CLASS = YES_ERROR;
				CLANG_WARN_SUSPICIOUS_MOVES = YES;
				CLANG_WARN_UNREACHABLE_CODE = YES;
				CLANG_WARN__DUPLICATE_METHOD_MATCH = YES;
				"CODE_SIGN_IDENTITY[sdk=iphoneos*]" = "iPhone Developer";
				COPY_PHASE_STRIP = NO;
				DEBUG_INFORMATION_FORMAT = dwarf;
				ENABLE_STRICT_OBJC_MSGSEND = YES;
				ENABLE_TESTABILITY = YES;
				GCC_C_LANGUAGE_STANDARD = gnu99;
				GCC_DYNAMIC_NO_PIC = NO;
				GCC_NO_COMMON_BLOCKS = YES;
				GCC_OPTIMIZATION_LEVEL = 0;
				GCC_PREPROCESSOR_DEFINITIONS = (
					"DEBUG=1",
					"$(inherited)",
				);
				GCC_WARN_64_TO_32_BIT_CONVERSION = YES;
				GCC_WARN_ABOUT_RETURN_TYPE = YES_ERROR;
				GCC_WARN_UNDECLARED_SELECTOR = YES;
				GCC_WARN_UNINITIALIZED_AUTOS = YES_AGGRESSIVE;
				GCC_WARN_UNUSED_FUNCTION = YES;
				GCC_WARN_UNUSED_VARIABLE = YES;
				IPHONEOS_DEPLOYMENT_TARGET = 10.1;
				MTL_ENABLE_DEBUG_INFO = YES;
				ONLY_ACTIVE_ARCH = YES;
				SDKROOT = iphoneos;
				SWIFT_ACTIVE_COMPILATION_CONDITIONS = DEBUG;
				SWIFT_OPTIMIZATION_LEVEL = "-Onone";
				TARGETED_DEVICE_FAMILY = "1,2";
			};
			name = Debug;
		};
		EF6720291E66FCC900FF8D71 /* Release */ = {
			isa = XCBuildConfiguration;
			buildSettings = {
				ALWAYS_SEARCH_USER_PATHS = NO;
				CLANG_ANALYZER_NONNULL = YES;
				CLANG_CXX_LANGUAGE_STANDARD = "gnu++0x";
				CLANG_CXX_LIBRARY = "libc++";
				CLANG_ENABLE_MODULES = YES;
				CLANG_ENABLE_OBJC_ARC = YES;
				CLANG_WARN_BOOL_CONVERSION = YES;
				CLANG_WARN_CONSTANT_CONVERSION = YES;
				CLANG_WARN_DIRECT_OBJC_ISA_USAGE = YES_ERROR;
				CLANG_WARN_DOCUMENTATION_COMMENTS = YES;
				CLANG_WARN_EMPTY_BODY = YES;
				CLANG_WARN_ENUM_CONVERSION = YES;
				CLANG_WARN_INFINITE_RECURSION = YES;
				CLANG_WARN_INT_CONVERSION = YES;
				CLANG_WARN_OBJC_ROOT_CLASS = YES_ERROR;
				CLANG_WARN_SUSPICIOUS_MOVES = YES;
				CLANG_WARN_UNREACHABLE_CODE = YES;
				CLANG_WARN__DUPLICATE_METHOD_MATCH = YES;
				"CODE_SIGN_IDENTITY[sdk=iphoneos*]" = "iPhone Developer";
				COPY_PHASE_STRIP = NO;
				DEBUG_INFORMATION_FORMAT = "dwarf-with-dsym";
				ENABLE_NS_ASSERTIONS = NO;
				ENABLE_STRICT_OBJC_MSGSEND = YES;
				GCC_C_LANGUAGE_STANDARD = gnu99;
				GCC_NO_COMMON_BLOCKS = YES;
				GCC_WARN_64_TO_32_BIT_CONVERSION = YES;
				GCC_WARN_ABOUT_RETURN_TYPE = YES_ERROR;
				GCC_WARN_UNDECLARED_SELECTOR = YES;
				GCC_WARN_UNINITIALIZED_AUTOS = YES_AGGRESSIVE;
				GCC_WARN_UNUSED_FUNCTION = YES;
				GCC_WARN_UNUSED_VARIABLE = YES;
				IPHONEOS_DEPLOYMENT_TARGET = 10.1;
				MTL_ENABLE_DEBUG_INFO = NO;
				SDKROOT = iphoneos;
				SWIFT_OPTIMIZATION_LEVEL = "-Owholemodule";
				TARGETED_DEVICE_FAMILY = "1,2";
				VALIDATE_PRODUCT = YES;
			};
			name = Release;
		};
		EF67202B1E66FCC900FF8D71 /* Debug */ = {
			isa = XCBuildConfiguration;
			baseConfigurationReference = F09DC736A1F344DFEC4D28A5 /* Pods-SoolyWeather.debug.xcconfig */;
			buildSettings = {
				ASSETCATALOG_COMPILER_APPICON_NAME = AppIcon;
				DEVELOPMENT_TEAM = 7523YW79F8;
				INFOPLIST_FILE = SoolyWeather/Info.plist;
				LD_RUNPATH_SEARCH_PATHS = "$(inherited) @executable_path/Frameworks";
				PRODUCT_BUNDLE_IDENTIFIER = sooly.SoolyWeather;
				PRODUCT_NAME = "$(TARGET_NAME)";
				SWIFT_OBJC_BRIDGING_HEADER = "";
				SWIFT_VERSION = 3.0;
				USER_HEADER_SEARCH_PATHS = "$(PODS_ROOT)/**";
			};
			name = Debug;
		};
		EF67202C1E66FCC900FF8D71 /* Release */ = {
			isa = XCBuildConfiguration;
			baseConfigurationReference = 402CDB3A3528BB82BD36C6B7 /* Pods-SoolyWeather.release.xcconfig */;
			buildSettings = {
				ASSETCATALOG_COMPILER_APPICON_NAME = AppIcon;
				DEVELOPMENT_TEAM = 7523YW79F8;
				INFOPLIST_FILE = SoolyWeather/Info.plist;
				LD_RUNPATH_SEARCH_PATHS = "$(inherited) @executable_path/Frameworks";
				PRODUCT_BUNDLE_IDENTIFIER = sooly.SoolyWeather;
				PRODUCT_NAME = "$(TARGET_NAME)";
				SWIFT_OBJC_BRIDGING_HEADER = "";
				SWIFT_VERSION = 3.0;
				USER_HEADER_SEARCH_PATHS = "$(PODS_ROOT)/**";
			};
			name = Release;
		};
		EF67202E1E66FCC900FF8D71 /* Debug */ = {
			isa = XCBuildConfiguration;
			buildSettings = {
				ALWAYS_EMBED_SWIFT_STANDARD_LIBRARIES = YES;
				BUNDLE_LOADER = "$(TEST_HOST)";
				DEVELOPMENT_TEAM = 7523YW79F8;
				INFOPLIST_FILE = SoolyWeatherTests/Info.plist;
				LD_RUNPATH_SEARCH_PATHS = "$(inherited) @executable_path/Frameworks @loader_path/Frameworks";
				PRODUCT_BUNDLE_IDENTIFIER = sooly.SoolyWeatherTests;
				PRODUCT_NAME = "$(TARGET_NAME)";
				SWIFT_VERSION = 3.0;
				TEST_HOST = "$(BUILT_PRODUCTS_DIR)/SoolyWeather.app/SoolyWeather";
			};
			name = Debug;
		};
		EF67202F1E66FCC900FF8D71 /* Release */ = {
			isa = XCBuildConfiguration;
			buildSettings = {
				ALWAYS_EMBED_SWIFT_STANDARD_LIBRARIES = YES;
				BUNDLE_LOADER = "$(TEST_HOST)";
				DEVELOPMENT_TEAM = 7523YW79F8;
				INFOPLIST_FILE = SoolyWeatherTests/Info.plist;
				LD_RUNPATH_SEARCH_PATHS = "$(inherited) @executable_path/Frameworks @loader_path/Frameworks";
				PRODUCT_BUNDLE_IDENTIFIER = sooly.SoolyWeatherTests;
				PRODUCT_NAME = "$(TARGET_NAME)";
				SWIFT_VERSION = 3.0;
				TEST_HOST = "$(BUILT_PRODUCTS_DIR)/SoolyWeather.app/SoolyWeather";
			};
			name = Release;
		};
		EF6720311E66FCC900FF8D71 /* Debug */ = {
			isa = XCBuildConfiguration;
			buildSettings = {
				ALWAYS_EMBED_SWIFT_STANDARD_LIBRARIES = YES;
				DEVELOPMENT_TEAM = 7523YW79F8;
				INFOPLIST_FILE = SoolyWeatherUITests/Info.plist;
				LD_RUNPATH_SEARCH_PATHS = "$(inherited) @executable_path/Frameworks @loader_path/Frameworks";
				PRODUCT_BUNDLE_IDENTIFIER = sooly.SoolyWeatherUITests;
				PRODUCT_NAME = "$(TARGET_NAME)";
				SWIFT_VERSION = 3.0;
				TEST_TARGET_NAME = SoolyWeather;
			};
			name = Debug;
		};
		EF6720321E66FCC900FF8D71 /* Release */ = {
			isa = XCBuildConfiguration;
			buildSettings = {
				ALWAYS_EMBED_SWIFT_STANDARD_LIBRARIES = YES;
				DEVELOPMENT_TEAM = 7523YW79F8;
				INFOPLIST_FILE = SoolyWeatherUITests/Info.plist;
				LD_RUNPATH_SEARCH_PATHS = "$(inherited) @executable_path/Frameworks @loader_path/Frameworks";
				PRODUCT_BUNDLE_IDENTIFIER = sooly.SoolyWeatherUITests;
				PRODUCT_NAME = "$(TARGET_NAME)";
				SWIFT_VERSION = 3.0;
				TEST_TARGET_NAME = SoolyWeather;
			};
			name = Release;
		};
/* End XCBuildConfiguration section */

/* Begin XCConfigurationList section */
		EF671FFD1E66FCC900FF8D71 /* Build configuration list for PBXProject "SoolyWeather" */ = {
			isa = XCConfigurationList;
			buildConfigurations = (
				EF6720281E66FCC900FF8D71 /* Debug */,
				EF6720291E66FCC900FF8D71 /* Release */,
			);
			defaultConfigurationIsVisible = 0;
			defaultConfigurationName = Release;
		};
		EF67202A1E66FCC900FF8D71 /* Build configuration list for PBXNativeTarget "SoolyWeather" */ = {
			isa = XCConfigurationList;
			buildConfigurations = (
				EF67202B1E66FCC900FF8D71 /* Debug */,
				EF67202C1E66FCC900FF8D71 /* Release */,
			);
			defaultConfigurationIsVisible = 0;
			defaultConfigurationName = Release;
		};
		EF67202D1E66FCC900FF8D71 /* Build configuration list for PBXNativeTarget "SoolyWeatherTests" */ = {
			isa = XCConfigurationList;
			buildConfigurations = (
				EF67202E1E66FCC900FF8D71 /* Debug */,
				EF67202F1E66FCC900FF8D71 /* Release */,
			);
			defaultConfigurationIsVisible = 0;
			defaultConfigurationName = Release;
		};
		EF6720301E66FCC900FF8D71 /* Build configuration list for PBXNativeTarget "SoolyWeatherUITests" */ = {
			isa = XCConfigurationList;
			buildConfigurations = (
				EF6720311E66FCC900FF8D71 /* Debug */,
				EF6720321E66FCC900FF8D71 /* Release */,
			);
			defaultConfigurationIsVisible = 0;
			defaultConfigurationName = Release;
		};
/* End XCConfigurationList section */
	};
	rootObject = EF671FFA1E66FCC900FF8D71 /* Project object */;
}
